<?xml version="1.0" encoding="UTF-8" standalone="yes" ?>
<CodeBlocks_project_file>
	<FileVersion major="1" minor="6" />
	<Project>
		<Option title="Project" />
		<Option pch_mode="2" />
		<Option compiler="gcc" />
		<Build>
			<Target title="Debug">
				<Option output="bin/Debug/Project" prefix_auto="1" extension_auto="1" />
				<Option object_output="obj/Debug/" />
				<Option type="1" />
				<Option compiler="gcc" />
				<Compiler>
					<Add option="-g" />
				</Compiler>
			</Target>
			<Target title="Release">
				<Option output="bin/Release/Project" prefix_auto="1" extension_auto="1" />
				<Option object_output="obj/Release/" />
				<Option type="1" />
				<Option compiler="gcc" />
				<Compiler>
					<Add option="-O2" />
				</Compiler>
				<Linker>
					<Add option="-s" />
				</Linker>
			</Target>
		</Build>
		<Compiler>
			<Add option="-Wall" />
		</Compiler>
		<Unit filename="Aeroporti.txt">
			<Option target="&lt;{~None~}&gt;" />
		</Unit>
		<Unit filename="Aeroporto.c">
			<Option compilerVar="CC" />
		</Unit>
		<Unit filename="Aeroporto.h" />
		<Unit filename="TODO.txt" />
		<Unit filename="Utente.c">
			<Option compilerVar="CC" />
		</Unit>
		<Unit filename="Utente.h" />
		<Unit filename="archi.txt" />
		<Unit filename="array.c">
			<Option compilerVar="CC" />
		</Unit>
		<Unit filename="array.h" />
		<Unit filename="checkInput.c">
			<Option compilerVar="CC" />
		</Unit>
		<Unit filename="checkInput.h" />
		<Unit filename="file.c">
			<Option compilerVar="CC" />
		</Unit>
		<Unit filename="file.h" />
		<Unit filename="graph.c">
			<Option compilerVar="CC" />
		</Unit>
		<Unit filename="graph.h" />
		<Unit filename="interfaccia.c">
			<Option compilerVar="CC" />
		</Unit>
		<Unit filename="interfaccia.h" />
		<Unit filename="lib/inputReader.c">
			<Option compilerVar="CC" />
		</Unit>
		<Unit filename="lib/inputReader.h" />
		<Unit filename="list.c">
			<Option compilerVar="CC" />
		</Unit>
		<Unit filename="list.h" />
		<Unit filename="main.c">
			<Option compilerVar="CC" />
		</Unit>
		<Unit filename="prenotazioni.c">
			<Option compilerVar="CC" />
		</Unit>
		<Unit filename="prenotazioni.h" />
		<Unit filename="queue.c">
			<Option compilerVar="CC" />
		</Unit>
		<Unit filename="queue.h" />
		<Extensions>
			<lib_finder disable_auto="1" />
		</Extensions>
	</Project>
</CodeBlocks_project_file>
